
Microsoft Visual Studio Solution File, Format Version 12.00
# Visual Studio Version 17
VisualStudioVersion = 17.5.33502.453
MinimumVisualStudioVersion = 10.0.40219.1
Project("{FAE04EC0-301F-11D3-BF4B-00C04F79EFBC}") = "WaterLily", "WaterLily\WaterLily.csproj", "{D9077FAF-CC79-42F8-B1BD-32D7C50F4F6E}"
EndProject
Project("{FAE04EC0-301F-11D3-BF4B-00C04F79EFBC}") = "WaterLily.Models", "WaterLily.Models\WaterLily.Models.csproj", "{A997DC40-4833-4D47-AF00-6116B1B06187}"
EndProject
Global
	GlobalSection(SolutionConfigurationPlatforms) = preSolution
		Debug|Any CPU = Debug|Any CPU
		Release|Any CPU = Release|Any CPU
	EndGlobalSection
	GlobalSection(ProjectConfigurationPlatforms) = postSolution
		{D9077FAF-CC79-42F8-B1BD-32D7C50F4F6E}.Debug|Any CPU.ActiveCfg = Debug|Any CPU
		{D9077FAF-CC79-42F8-B1BD-32D7C50F4F6E}.Debug|Any CPU.Build.0 = Debug|Any CPU
		{D9077FAF-CC79-42F8-B1BD-32D7C50F4F6E}.Release|Any CPU.ActiveCfg = Release|Any CPU
		{D9077FAF-CC79-42F8-B1BD-32D7C50F4F6E}.Release|Any CPU.Build.0 = Release|Any CPU
		{A997DC40-4833-4D47-AF00-6116B1B06187}.Debug|Any CPU.ActiveCfg = Debug|Any CPU
		{A997DC40-4833-4D47-AF00-6116B1B06187}.Debug|Any CPU.Build.0 = Debug|Any CPU
		{A997DC40-4833-4D47-AF00-6116B1B06187}.Release|Any CPU.ActiveCfg = Release|Any CPU
		{A997DC40-4833-4D47-AF00-6116B1B06187}.Release|Any CPU.Build.0 = Release|Any CPU
	EndGlobalSection
	GlobalSection(SolutionProperties) = preSolution
		HideSolutionNode = FALSE
	EndGlobalSection
	GlobalSection(ExtensibilityGlobals) = postSolution
		SolutionGuid = {35A76675-0F13-4209-A936-8DF4F9DAF695}
	EndGlobalSection
EndGlobal
